// !$*UTF8*$!
{
	archiveVersion = 1;
	classes = {
	};
	objectVersion = 46;
	objects = {

/* Begin PBXBuildFile section */
		ED66044B1437CA67003881DA /* Accelerate.framework in Frameworks */ = {isa = PBXBuildFile; fileRef = ED66044A1437CA67003881DA /* Accelerate.framework */; };
		ED66044D1437CA67003881DA /* AppKit.framework in Frameworks */ = {isa = PBXBuildFile; fileRef = ED66044C1437CA67003881DA /* AppKit.framework */; };
		ED66044F1437CA67003881DA /* Cocoa.framework in Frameworks */ = {isa = PBXBuildFile; fileRef = ED66044E1437CA67003881DA /* Cocoa.framework */; };
		ED6604511437CA67003881DA /* CoreData.framework in Frameworks */ = {isa = PBXBuildFile; fileRef = ED6604501437CA67003881DA /* CoreData.framework */; };
		ED6604531437CA67003881DA /* Foundation.framework in Frameworks */ = {isa = PBXBuildFile; fileRef = ED6604521437CA67003881DA /* Foundation.framework */; };
		ED6604551437CA67003881DA /* OpenGL.framework in Frameworks */ = {isa = PBXBuildFile; fileRef = ED6604541437CA67003881DA /* OpenGL.framework */; };
		ED6604571437CA67003881DA /* QTKit.framework in Frameworks */ = {isa = PBXBuildFile; fileRef = ED6604561437CA67003881DA /* QTKit.framework */; };
		ED6604591437CA67003881DA /* Quicktime.framework in Frameworks */ = {isa = PBXBuildFile; fileRef = ED6604581437CA67003881DA /* Quicktime.framework */; };
		ED66045B1437CA67003881DA /* Quartz.framework in Frameworks */ = {isa = PBXBuildFile; fileRef = ED66045A1437CA67003881DA /* Quartz.framework */; };
		ED66045D1437CA67003881DA /* QuartzCore.framework in Frameworks */ = {isa = PBXBuildFile; fileRef = ED66045C1437CA67003881DA /* QuartzCore.framework */; };
		ED66045F1437CA67003881DA /* vecLib.framework in Frameworks */ = {isa = PBXBuildFile; fileRef = ED66045E1437CA67003881DA /* vecLib.framework */; };
		ED6604651437CA67003881DA /* InfoPlist.strings in Resources */ = {isa = PBXBuildFile; fileRef = ED6604631437CA67003881DA /* InfoPlist.strings */; };
		ED6604691437CA67003881DA /* main.m in Sources */ = {isa = PBXBuildFile; fileRef = ED6604681437CA67003881DA /* main.m */; };
		ED66046C1437CA67003881DA /* C4DevelopmentAppDelegate.m in Sources */ = {isa = PBXBuildFile; fileRef = ED66046B1437CA67003881DA /* C4DevelopmentAppDelegate.m */; };
		ED6605551437CA68003881DA /* C4Development.icns in Resources */ = {isa = PBXBuildFile; fileRef = ED6605531437CA68003881DA /* C4Development.icns */; };
		ED6605581437CA69003881DA /* Credits.rtf in Resources */ = {isa = PBXBuildFile; fileRef = ED6605561437CA68003881DA /* Credits.rtf */; };
		ED66055B1437CA69003881DA /* MainMenu.xib in Resources */ = {isa = PBXBuildFile; fileRef = ED6605591437CA69003881DA /* MainMenu.xib */; };
		ED68EA72144C828500B06803 /* Advanced - WolframCA in Resources */ = {isa = PBXBuildFile; fileRef = ED68EA71144C828500B06803 /* Advanced - WolframCA */; };
		EDA5BEAA143BA0260007782C /* KeyboardMouse - StoringMouseCoords in Resources */ = {isa = PBXBuildFile; fileRef = EDA5BEA9143BA0160007782C /* KeyboardMouse - StoringMouseCoords */; };
		EDBF18AA143B7ACE0004DAF5 /* C4.mov in Resources */ = {isa = PBXBuildFile; fileRef = EDBF18A1143B7ACE0004DAF5 /* C4.mov */; };
		EDBF18AB143B7ACE0004DAF5 /* C4.qtz in Resources */ = {isa = PBXBuildFile; fileRef = EDBF18A2143B7ACE0004DAF5 /* C4.qtz */; };
		EDBF18AC143B7ACE0004DAF5 /* C4Black.png in Resources */ = {isa = PBXBuildFile; fileRef = EDBF18A3143B7ACE0004DAF5 /* C4Black.png */; };
		EDBF18AD143B7ACE0004DAF5 /* C4Blue.png in Resources */ = {isa = PBXBuildFile; fileRef = EDBF18A4143B7ACE0004DAF5 /* C4Blue.png */; };
		EDBF18AE143B7ACE0004DAF5 /* C4Orange.png in Resources */ = {isa = PBXBuildFile; fileRef = EDBF18A5143B7ACE0004DAF5 /* C4Orange.png */; };
		EDBF18AF143B7ACE0004DAF5 /* C4Red.png in Resources */ = {isa = PBXBuildFile; fileRef = EDBF18A6143B7ACE0004DAF5 /* C4Red.png */; };
		EDBF18B0143B7ACE0004DAF5 /* C4Sky.png in Resources */ = {isa = PBXBuildFile; fileRef = EDBF18A7143B7ACE0004DAF5 /* C4Sky.png */; };
		EDBF18B1143B7ACE0004DAF5 /* C4Wood.png in Resources */ = {isa = PBXBuildFile; fileRef = EDBF18A8143B7ACE0004DAF5 /* C4Wood.png */; };
		EDBF18B2143B7ACE0004DAF5 /* loop.aif in Resources */ = {isa = PBXBuildFile; fileRef = EDBF18A9143B7ACE0004DAF5 /* loop.aif */; };
		EDBF18E1143B7AD90004DAF5 /* C4Canvas.m in Sources */ = {isa = PBXBuildFile; fileRef = EDBF18B4143B7AD90004DAF5 /* C4Canvas.m */; };
		EDBF18E2143B7AD90004DAF5 /* C4Color.m in Sources */ = {isa = PBXBuildFile; fileRef = EDBF18B6143B7AD90004DAF5 /* C4Color.m */; };
		EDBF18E3143B7AD90004DAF5 /* C4DateTime.m in Sources */ = {isa = PBXBuildFile; fileRef = EDBF18B8143B7AD90004DAF5 /* C4DateTime.m */; };
		EDBF18E4143B7AD90004DAF5 /* C4Font.m in Sources */ = {isa = PBXBuildFile; fileRef = EDBF18BB143B7AD90004DAF5 /* C4Font.m */; };
		EDBF18E5143B7AD90004DAF5 /* C4Foundation.m in Sources */ = {isa = PBXBuildFile; fileRef = EDBF18BD143B7AD90004DAF5 /* C4Foundation.m */; };
		EDBF18E6143B7AD90004DAF5 /* C4GlobalShapeAttributes.m in Sources */ = {isa = PBXBuildFile; fileRef = EDBF18BF143B7AD90004DAF5 /* C4GlobalShapeAttributes.m */; };
		EDBF18E7143B7AD90004DAF5 /* C4GlobalStringAttributes.m in Sources */ = {isa = PBXBuildFile; fileRef = EDBF18C1143B7AD90004DAF5 /* C4GlobalStringAttributes.m */; };
		EDBF18E8143B7AD90004DAF5 /* C4GlobalTypeAttributes.m in Sources */ = {isa = PBXBuildFile; fileRef = EDBF18C3143B7AD90004DAF5 /* C4GlobalTypeAttributes.m */; };
		EDBF18E9143B7AD90004DAF5 /* C4Gradient.m in Sources */ = {isa = PBXBuildFile; fileRef = EDBF18C5143B7AD90004DAF5 /* C4Gradient.m */; };
		EDBF18EA143B7AD90004DAF5 /* C4Image.m in Sources */ = {isa = PBXBuildFile; fileRef = EDBF18C7143B7AD90004DAF5 /* C4Image.m */; };
		EDBF18EB143B7AD90004DAF5 /* C4Math.m in Sources */ = {isa = PBXBuildFile; fileRef = EDBF18CA143B7AD90004DAF5 /* C4Math.m */; };
		EDBF18EC143B7AD90004DAF5 /* C4Movie.m in Sources */ = {isa = PBXBuildFile; fileRef = EDBF18CC143B7AD90004DAF5 /* C4Movie.m */; };
		EDBF18ED143B7AD90004DAF5 /* C4Noise.m in Sources */ = {isa = PBXBuildFile; fileRef = EDBF18CE143B7AD90004DAF5 /* C4Noise.m */; };
		EDBF18EE143B7AD90004DAF5 /* C4Object.m in Sources */ = {isa = PBXBuildFile; fileRef = EDBF18D0143B7AD90004DAF5 /* C4Object.m */; };
		EDBF18EF143B7AD90004DAF5 /* C4OpenGLView.m in Sources */ = {isa = PBXBuildFile; fileRef = EDBF18D2143B7AD90004DAF5 /* C4OpenGLView.m */; };
		EDBF18F0143B7AD90004DAF5 /* C4Quartz.m in Sources */ = {isa = PBXBuildFile; fileRef = EDBF18D4143B7AD90004DAF5 /* C4Quartz.m */; };
		EDBF18F1143B7AD90004DAF5 /* C4Shape.m in Sources */ = {isa = PBXBuildFile; fileRef = EDBF18D6143B7AD90004DAF5 /* C4Shape.m */; };
		EDBF18F2143B7AD90004DAF5 /* C4Sound.m in Sources */ = {isa = PBXBuildFile; fileRef = EDBF18D8143B7AD90004DAF5 /* C4Sound.m */; };
		EDBF18F3143B7AD90004DAF5 /* C4String.m in Sources */ = {isa = PBXBuildFile; fileRef = EDBF18DA143B7AD90004DAF5 /* C4String.m */; };
		EDBF18F4143B7AD90004DAF5 /* C4Transform.m in Sources */ = {isa = PBXBuildFile; fileRef = EDBF18DC143B7AD90004DAF5 /* C4Transform.m */; };
		EDBF18F5143B7AD90004DAF5 /* C4Vector.m in Sources */ = {isa = PBXBuildFile; fileRef = EDBF18DE143B7AD90004DAF5 /* C4Vector.m */; };
		EDBF18F6143B7AD90004DAF5 /* C4Voice.m in Sources */ = {isa = PBXBuildFile; fileRef = EDBF18E0143B7AD90004DAF5 /* C4Voice.m */; };
/* End PBXBuildFile section */

/* Begin PBXFileReference section */
		ED6604461437CA67003881DA /* C4Development.app */ = {isa = PBXFileReference; explicitFileType = wrapper.application; includeInIndex = 0; path = C4Development.app; sourceTree = BUILT_PRODUCTS_DIR; };
		ED66044A1437CA67003881DA /* Accelerate.framework */ = {isa = PBXFileReference; lastKnownFileType = wrapper.framework; name = Accelerate.framework; path = System/Library/Frameworks/Accelerate.framework; sourceTree = SDKROOT; };
		ED66044C1437CA67003881DA /* AppKit.framework */ = {isa = PBXFileReference; lastKnownFileType = wrapper.framework; name = AppKit.framework; path = System/Library/Frameworks/AppKit.framework; sourceTree = SDKROOT; };
		ED66044E1437CA67003881DA /* Cocoa.framework */ = {isa = PBXFileReference; lastKnownFileType = wrapper.framework; name = Cocoa.framework; path = System/Library/Frameworks/Cocoa.framework; sourceTree = SDKROOT; };
		ED6604501437CA67003881DA /* CoreData.framework */ = {isa = PBXFileReference; lastKnownFileType = wrapper.framework; name = CoreData.framework; path = System/Library/Frameworks/CoreData.framework; sourceTree = SDKROOT; };
		ED6604521437CA67003881DA /* Foundation.framework */ = {isa = PBXFileReference; lastKnownFileType = wrapper.framework; name = Foundation.framework; path = System/Library/Frameworks/Foundation.framework; sourceTree = SDKROOT; };
		ED6604541437CA67003881DA /* OpenGL.framework */ = {isa = PBXFileReference; lastKnownFileType = wrapper.framework; name = OpenGL.framework; path = System/Library/Frameworks/OpenGL.framework; sourceTree = SDKROOT; };
		ED6604561437CA67003881DA /* QTKit.framework */ = {isa = PBXFileReference; lastKnownFileType = wrapper.framework; name = QTKit.framework; path = System/Library/Frameworks/QTKit.framework; sourceTree = SDKROOT; };
		ED6604581437CA67003881DA /* Quicktime.framework */ = {isa = PBXFileReference; lastKnownFileType = wrapper.framework; name = Quicktime.framework; path = System/Library/Frameworks/Quicktime.framework; sourceTree = SDKROOT; };
		ED66045A1437CA67003881DA /* Quartz.framework */ = {isa = PBXFileReference; lastKnownFileType = wrapper.framework; name = Quartz.framework; path = System/Library/Frameworks/Quartz.framework; sourceTree = SDKROOT; };
		ED66045C1437CA67003881DA /* QuartzCore.framework */ = {isa = PBXFileReference; lastKnownFileType = wrapper.framework; name = QuartzCore.framework; path = System/Library/Frameworks/QuartzCore.framework; sourceTree = SDKROOT; };
		ED66045E1437CA67003881DA /* vecLib.framework */ = {isa = PBXFileReference; lastKnownFileType = wrapper.framework; name = vecLib.framework; path = System/Library/Frameworks/vecLib.framework; sourceTree = SDKROOT; };
		ED6604621437CA67003881DA /* C4Development-Info.plist */ = {isa = PBXFileReference; lastKnownFileType = text.plist.xml; path = "C4Development-Info.plist"; sourceTree = "<group>"; };
		ED6604641437CA67003881DA /* en */ = {isa = PBXFileReference; lastKnownFileType = text.plist.strings; name = en; path = en.lproj/InfoPlist.strings; sourceTree = "<group>"; };
		ED6604671437CA67003881DA /* C4Development-Prefix.pch */ = {isa = PBXFileReference; lastKnownFileType = sourcecode.c.h; path = "C4Development-Prefix.pch"; sourceTree = "<group>"; };
		ED6604681437CA67003881DA /* main.m */ = {isa = PBXFileReference; lastKnownFileType = sourcecode.c.objc; path = main.m; sourceTree = "<group>"; };
		ED66046A1437CA67003881DA /* C4DevelopmentAppDelegate.h */ = {isa = PBXFileReference; lastKnownFileType = sourcecode.c.h; path = C4DevelopmentAppDelegate.h; sourceTree = "<group>"; };
		ED66046B1437CA67003881DA /* C4DevelopmentAppDelegate.m */ = {isa = PBXFileReference; lastKnownFileType = sourcecode.c.objc; path = C4DevelopmentAppDelegate.m; sourceTree = "<group>"; };
		ED6604C61437CA68003881DA /* Advanced - EveryLetterEveryFont */ = {isa = PBXFileReference; lastKnownFileType = text; lineEnding = 0; path = "Advanced - EveryLetterEveryFont"; sourceTree = "<group>"; };
		ED6604C71437CA68003881DA /* Advanced - Kandinskyish */ = {isa = PBXFileReference; lastKnownFileType = text; lineEnding = 0; path = "Advanced - Kandinskyish"; sourceTree = "<group>"; };
		ED6604C81437CA68003881DA /* Advanced - Oscillator */ = {isa = PBXFileReference; lastKnownFileType = text; path = "Advanced - Oscillator"; sourceTree = "<group>"; };
		ED6604C91437CA68003881DA /* Advanced - SketchPad */ = {isa = PBXFileReference; lastKnownFileType = text; path = "Advanced - SketchPad"; sourceTree = "<group>"; };
		ED6604CA1437CA68003881DA /* Advanced - StoringInputAdvanced */ = {isa = PBXFileReference; lastKnownFileType = text; path = "Advanced - StoringInputAdvanced"; sourceTree = "<group>"; };
		ED6604CB1437CA68003881DA /* Arrays - Array1D */ = {isa = PBXFileReference; lastKnownFileType = text; path = "Arrays - Array1D"; sourceTree = "<group>"; };
		ED6604CC1437CA68003881DA /* Arrays - Array2D */ = {isa = PBXFileReference; lastKnownFileType = text; path = "Arrays - Array2D"; sourceTree = "<group>"; };
		ED6604CD1437CA68003881DA /* Arrays - MoreOnCArrays */ = {isa = PBXFileReference; lastKnownFileType = text; path = "Arrays - MoreOnCArrays"; sourceTree = "<group>"; };
		ED6604CE1437CA68003881DA /* Arrays - MutableArrays */ = {isa = PBXFileReference; lastKnownFileType = text; path = "Arrays - MutableArrays"; sourceTree = "<group>"; };
		ED6604CF1437CA68003881DA /* Arrays - ObjectArray1D */ = {isa = PBXFileReference; lastKnownFileType = text; path = "Arrays - ObjectArray1D"; sourceTree = "<group>"; };
		ED6604D01437CA68003881DA /* Arrays - ObjectArray2D */ = {isa = PBXFileReference; lastKnownFileType = text; path = "Arrays - ObjectArray2D"; sourceTree = "<group>"; };
		ED6604D21437CA68003881DA /* Basics - Animated */ = {isa = PBXFileReference; lastKnownFileType = text; path = "Basics - Animated"; sourceTree = "<group>"; };
		ED6604D31437CA68003881DA /* Basics - Coordinates */ = {isa = PBXFileReference; lastKnownFileType = text; path = "Basics - Coordinates"; sourceTree = "<group>"; };
		ED6604D41437CA68003881DA /* Basics - CustomMethods */ = {isa = PBXFileReference; lastKnownFileType = text; path = "Basics - CustomMethods"; sourceTree = "<group>"; };
		ED6604D51437CA68003881DA /* Basics - DisplayRate */ = {isa = PBXFileReference; lastKnownFileType = text; path = "Basics - DisplayRate"; sourceTree = "<group>"; };
		ED6604D61437CA68003881DA /* Basics - EventBased */ = {isa = PBXFileReference; lastKnownFileType = text; path = "Basics - EventBased"; sourceTree = "<group>"; };
		ED6604D71437CA68003881DA /* Basics - Framerate */ = {isa = PBXFileReference; lastKnownFileType = text; path = "Basics - Framerate"; sourceTree = "<group>"; };
		ED6604D81437CA68003881DA /* Basics - LogMessages */ = {isa = PBXFileReference; lastKnownFileType = text; path = "Basics - LogMessages"; sourceTree = "<group>"; };
		ED6604D91437CA68003881DA /* Basics - RecursiveCircle */ = {isa = PBXFileReference; lastKnownFileType = text; path = "Basics - RecursiveCircle"; sourceTree = "<group>"; };
		ED6604DA1437CA68003881DA /* Basics - RecursiveCircleRandom */ = {isa = PBXFileReference; lastKnownFileType = text; path = "Basics - RecursiveCircleRandom"; sourceTree = "<group>"; };
		ED6604DB1437CA68003881DA /* Basics - Redraw */ = {isa = PBXFileReference; lastKnownFileType = text; path = "Basics - Redraw"; sourceTree = "<group>"; };
		ED6604DC1437CA68003881DA /* Basics - SingleFrame */ = {isa = PBXFileReference; lastKnownFileType = text; path = "Basics - SingleFrame"; sourceTree = "<group>"; };
		ED6604DD1437CA68003881DA /* Basics - SwitchingDrawStyles */ = {isa = PBXFileReference; lastKnownFileType = text; path = "Basics - SwitchingDrawStyles"; sourceTree = "<group>"; };
		ED6604DE1437CA68003881DA /* Basics - WidthAndHeight */ = {isa = PBXFileReference; lastKnownFileType = text; path = "Basics - WidthAndHeight"; sourceTree = "<group>"; };
		ED6604DF1437CA68003881DA /* C4 - C4Animated1 */ = {isa = PBXFileReference; lastKnownFileType = text; path = "C4 - C4Animated1"; sourceTree = "<group>"; };
		ED6604E01437CA68003881DA /* C4 - C4Animated2 */ = {isa = PBXFileReference; lastKnownFileType = text; path = "C4 - C4Animated2"; sourceTree = "<group>"; };
		ED6604E11437CA68003881DA /* C4 - C4FadingImages */ = {isa = PBXFileReference; lastKnownFileType = text; path = "C4 - C4FadingImages"; sourceTree = "<group>"; };
		ED6604E21437CA68003881DA /* C4 - C4ForLoops */ = {isa = PBXFileReference; lastKnownFileType = text; path = "C4 - C4ForLoops"; sourceTree = "<group>"; };
		ED6604E31437CA68003881DA /* C4 - C4GL */ = {isa = PBXFileReference; lastKnownFileType = text; path = "C4 - C4GL"; sourceTree = "<group>"; };
		ED6604E41437CA68003881DA /* C4 - C4GradientShapes */ = {isa = PBXFileReference; lastKnownFileType = text; path = "C4 - C4GradientShapes"; sourceTree = "<group>"; };
		ED6604E51437CA68003881DA /* C4 - C4LoopingImages */ = {isa = PBXFileReference; lastKnownFileType = text; path = "C4 - C4LoopingImages"; sourceTree = "<group>"; };
		ED6604E61437CA68003881DA /* C4 - C4Methods */ = {isa = PBXFileReference; lastKnownFileType = text; path = "C4 - C4Methods"; sourceTree = "<group>"; };
		ED6604E71437CA68003881DA /* C4 - C4Particles */ = {isa = PBXFileReference; lastKnownFileType = text; path = "C4 - C4Particles"; sourceTree = "<group>"; };
		ED6604E81437CA68003881DA /* C4 - C4Points */ = {isa = PBXFileReference; lastKnownFileType = text; path = "C4 - C4Points"; sourceTree = "<group>"; };
		ED6604E91437CA68003881DA /* C4 - C4Quartz */ = {isa = PBXFileReference; lastKnownFileType = text; path = "C4 - C4Quartz"; sourceTree = "<group>"; };
		ED6604EA1437CA68003881DA /* C4 - C4RandomLines */ = {isa = PBXFileReference; lastKnownFileType = text; path = "C4 - C4RandomLines"; sourceTree = "<group>"; };
		ED6604EB1437CA68003881DA /* C4 - C4Shapes */ = {isa = PBXFileReference; lastKnownFileType = text; path = "C4 - C4Shapes"; sourceTree = "<group>"; };
		ED6604EC1437CA68003881DA /* C4 - C4Wireframe */ = {isa = PBXFileReference; lastKnownFileType = text; path = "C4 - C4Wireframe"; sourceTree = "<group>"; };
		ED6604ED1437CA68003881DA /* Color - ColorAndTransparency */ = {isa = PBXFileReference; lastKnownFileType = text; path = "Color - ColorAndTransparency"; sourceTree = "<group>"; };
		ED6604EE1437CA68003881DA /* Color - ColorRelativity */ = {isa = PBXFileReference; lastKnownFileType = text; path = "Color - ColorRelativity"; sourceTree = "<group>"; };
		ED6604EF1437CA68003881DA /* Color - ColorWheel */ = {isa = PBXFileReference; lastKnownFileType = text; path = "Color - ColorWheel"; sourceTree = "<group>"; };
		ED6604F01437CA68003881DA /* Color - Gradients */ = {isa = PBXFileReference; lastKnownFileType = text; path = "Color - Gradients"; sourceTree = "<group>"; };
		ED6604F11437CA68003881DA /* Color - GradientsAnimated */ = {isa = PBXFileReference; lastKnownFileType = text; path = "Color - GradientsAnimated"; sourceTree = "<group>"; };
		ED6604F21437CA68003881DA /* Control - Conditionals1 */ = {isa = PBXFileReference; lastKnownFileType = text; path = "Control - Conditionals1"; sourceTree = "<group>"; };
		ED6604F31437CA68003881DA /* Control - Conditionals2 */ = {isa = PBXFileReference; lastKnownFileType = text; path = "Control - Conditionals2"; sourceTree = "<group>"; };
		ED6604F41437CA68003881DA /* Control - EmbeddedIteration */ = {isa = PBXFileReference; lastKnownFileType = text; path = "Control - EmbeddedIteration"; sourceTree = "<group>"; };
		ED6604F51437CA68003881DA /* Control - IterationForLoops */ = {isa = PBXFileReference; lastKnownFileType = text; path = "Control - IterationForLoops"; sourceTree = "<group>"; };
		ED6604F61437CA68003881DA /* Control - LogicalOperators */ = {isa = PBXFileReference; lastKnownFileType = text; path = "Control - LogicalOperators"; sourceTree = "<group>"; };
		ED6604F71437CA68003881DA /* Data - DatatypeConversion */ = {isa = PBXFileReference; lastKnownFileType = text; path = "Data - DatatypeConversion"; sourceTree = "<group>"; };
		ED6604F81437CA68003881DA /* Data - IntegersAndFloats */ = {isa = PBXFileReference; lastKnownFileType = text; path = "Data - IntegersAndFloats"; sourceTree = "<group>"; };
		ED6604F91437CA68003881DA /* Data - TrueFalse */ = {isa = PBXFileReference; lastKnownFileType = text; path = "Data - TrueFalse"; sourceTree = "<group>"; };
		ED6604FA1437CA68003881DA /* Data - VariableMath */ = {isa = PBXFileReference; lastKnownFileType = text; path = "Data - VariableMath"; sourceTree = "<group>"; };
		ED6604FB1437CA68003881DA /* Data - VariableScope */ = {isa = PBXFileReference; lastKnownFileType = text; path = "Data - VariableScope"; sourceTree = "<group>"; };
		ED6604FC1437CA68003881DA /* Data - VariablesWithAnimatedEllipses */ = {isa = PBXFileReference; lastKnownFileType = text; path = "Data - VariablesWithAnimatedEllipses"; sourceTree = "<group>"; };
		ED6604FD1437CA68003881DA /* DateTime - Clock */ = {isa = PBXFileReference; lastKnownFileType = text; path = "DateTime - Clock"; sourceTree = "<group>"; };
		ED6604FE1437CA68003881DA /* DateTime - CurrentDateTime */ = {isa = PBXFileReference; lastKnownFileType = text; path = "DateTime - CurrentDateTime"; sourceTree = "<group>"; };
		ED6604FF1437CA68003881DA /* DateTime - MillisPatterns */ = {isa = PBXFileReference; lastKnownFileType = text; path = "DateTime - MillisPatterns"; sourceTree = "<group>"; };
		ED6605001437CA68003881DA /* Fonts - BasicFont */ = {isa = PBXFileReference; lastKnownFileType = text; path = "Fonts - BasicFont"; sourceTree = "<group>"; };
		ED6605011437CA68003881DA /* Fonts - RandomFont */ = {isa = PBXFileReference; lastKnownFileType = text; path = "Fonts - RandomFont"; sourceTree = "<group>"; };
		ED6605021437CA68003881DA /* Fonts - YourFonts */ = {isa = PBXFileReference; lastKnownFileType = text; path = "Fonts - YourFonts"; sourceTree = "<group>"; };
		ED6605031437CA68003881DA /* Image - BackgroundImage */ = {isa = PBXFileReference; lastKnownFileType = text; path = "Image - BackgroundImage"; sourceTree = "<group>"; };
		ED6605041437CA68003881DA /* Image - CombinedFilters */ = {isa = PBXFileReference; lastKnownFileType = text; path = "Image - CombinedFilters"; sourceTree = "<group>"; };
		ED6605051437CA68003881DA /* Image - CreateDraw */ = {isa = PBXFileReference; lastKnownFileType = text; path = "Image - CreateDraw"; sourceTree = "<group>"; };
		ED6605061437CA68003881DA /* Image - DynamicImageMatrix */ = {isa = PBXFileReference; lastKnownFileType = text; path = "Image - DynamicImageMatrix"; sourceTree = "<group>"; };
		ED6605071437CA68003881DA /* Image - FilterWithOriginal */ = {isa = PBXFileReference; lastKnownFileType = text; path = "Image - FilterWithOriginal"; sourceTree = "<group>"; };
		ED6605081437CA68003881DA /* Image - ImageIterativeStretch */ = {isa = PBXFileReference; lastKnownFileType = text; path = "Image - ImageIterativeStretch"; sourceTree = "<group>"; };
		ED6605091437CA68003881DA /* Image - ImageTransparency */ = {isa = PBXFileReference; lastKnownFileType = text; path = "Image - ImageTransparency"; sourceTree = "<group>"; };
		ED66050A1437CA68003881DA /* Image - MultiImage */ = {isa = PBXFileReference; lastKnownFileType = text; path = "Image - MultiImage"; sourceTree = "<group>"; };
		ED66050B1437CA68003881DA /* Image - Pixelism */ = {isa = PBXFileReference; lastKnownFileType = text; path = "Image - Pixelism"; sourceTree = "<group>"; };
		ED66050C1437CA68003881DA /* Image - Pointilism */ = {isa = PBXFileReference; lastKnownFileType = text; path = "Image - Pointilism"; sourceTree = "<group>"; };
		ED66050D1437CA68003881DA /* Image - SingleFilter */ = {isa = PBXFileReference; lastKnownFileType = text; path = "Image - SingleFilter"; sourceTree = "<group>"; };
		ED66050E1437CA68003881DA /* KeyboardMouse - AbstractKeyboard1 */ = {isa = PBXFileReference; lastKnownFileType = text; path = "KeyboardMouse - AbstractKeyboard1"; sourceTree = "<group>"; };
		ED66050F1437CA68003881DA /* KeyboardMouse - AbstractKeyboard2 */ = {isa = PBXFileReference; lastKnownFileType = text; path = "KeyboardMouse - AbstractKeyboard2"; sourceTree = "<group>"; };
		ED6605101437CA68003881DA /* KeyboardMouse - ConstantType */ = {isa = PBXFileReference; lastKnownFileType = text; path = "KeyboardMouse - ConstantType"; sourceTree = "<group>"; };
		ED6605111437CA68003881DA /* KeyboardMouse - ConstrainedCircle */ = {isa = PBXFileReference; lastKnownFileType = text; path = "KeyboardMouse - ConstrainedCircle"; sourceTree = "<group>"; };
		ED6605121437CA68003881DA /* KeyboardMouse - EasingCircle */ = {isa = PBXFileReference; lastKnownFileType = text; path = "KeyboardMouse - EasingCircle"; sourceTree = "<group>"; };
		ED6605131437CA68003881DA /* KeyboardMouse - Mouse1D */ = {isa = PBXFileReference; lastKnownFileType = text; path = "KeyboardMouse - Mouse1D"; sourceTree = "<group>"; };
		ED6605141437CA68003881DA /* KeyboardMouse - Mouse2D */ = {isa = PBXFileReference; lastKnownFileType = text; path = "KeyboardMouse - Mouse2D"; sourceTree = "<group>"; };
		ED6605151437CA68003881DA /* KeyboardMouse - MouseMethods */ = {isa = PBXFileReference; lastKnownFileType = text; path = "KeyboardMouse - MouseMethods"; sourceTree = "<group>"; };
		ED6605161437CA68003881DA /* KeyboardMouse - MouseSignals */ = {isa = PBXFileReference; lastKnownFileType = text; path = "KeyboardMouse - MouseSignals"; sourceTree = "<group>"; };
		ED6605221437CA68003881DA /* Math - Distance1D */ = {isa = PBXFileReference; lastKnownFileType = text; path = "Math - Distance1D"; sourceTree = "<group>"; };
		ED6605231437CA68003881DA /* Math - DoubleRandom */ = {isa = PBXFileReference; lastKnownFileType = text; path = "Math - DoubleRandom"; sourceTree = "<group>"; };
		ED6605241437CA68003881DA /* Math - IncrementDecrement */ = {isa = PBXFileReference; lastKnownFileType = text; path = "Math - IncrementDecrement"; sourceTree = "<group>"; };
		ED6605251437CA68003881DA /* Math - MixedSineWave */ = {isa = PBXFileReference; lastKnownFileType = text; path = "Math - MixedSineWave"; sourceTree = "<group>"; };
		ED6605261437CA68003881DA /* Math - ModulusFloat */ = {isa = PBXFileReference; lastKnownFileType = text; path = "Math - ModulusFloat"; sourceTree = "<group>"; };
		ED6605271437CA68003881DA /* Math - OperatorPrecedence */ = {isa = PBXFileReference; lastKnownFileType = text; path = "Math - OperatorPrecedence"; sourceTree = "<group>"; };
		ED6605281437CA68003881DA /* Math - PolarCoordinates */ = {isa = PBXFileReference; lastKnownFileType = text; path = "Math - PolarCoordinates"; sourceTree = "<group>"; };
		ED6605291437CA68003881DA /* Math - RandomLines */ = {isa = PBXFileReference; lastKnownFileType = text; path = "Math - RandomLines"; sourceTree = "<group>"; };
		ED66052A1437CA68003881DA /* Math - RandomMultiplication */ = {isa = PBXFileReference; lastKnownFileType = text; path = "Math - RandomMultiplication"; sourceTree = "<group>"; };
		ED66052B1437CA68003881DA /* Math - SinCosTan */ = {isa = PBXFileReference; lastKnownFileType = text; path = "Math - SinCosTan"; sourceTree = "<group>"; };
		ED66052C1437CA68003881DA /* Movies - DoubleMovie */ = {isa = PBXFileReference; lastKnownFileType = text; path = "Movies - DoubleMovie"; sourceTree = "<group>"; };
		ED66052D1437CA68003881DA /* Movies - MoveAbove */ = {isa = PBXFileReference; lastKnownFileType = text; path = "Movies - MoveAbove"; sourceTree = "<group>"; };
		ED66052E1437CA68003881DA /* Movies - MovieMatrix */ = {isa = PBXFileReference; lastKnownFileType = text; path = "Movies - MovieMatrix"; sourceTree = "<group>"; };
		ED66052F1437CA68003881DA /* Movies - MovingMovie */ = {isa = PBXFileReference; lastKnownFileType = text; path = "Movies - MovingMovie"; sourceTree = "<group>"; };
		ED6605301437CA68003881DA /* Movies - SimpleMovie */ = {isa = PBXFileReference; lastKnownFileType = text; path = "Movies - SimpleMovie"; sourceTree = "<group>"; };
		ED6605311437CA68003881DA /* Movies - StretchingMovie */ = {isa = PBXFileReference; lastKnownFileType = text; path = "Movies - StretchingMovie"; sourceTree = "<group>"; };
		ED6605321437CA68003881DA /* Noise - Noise1D */ = {isa = PBXFileReference; lastKnownFileType = text; path = "Noise - Noise1D"; sourceTree = "<group>"; };
		ED6605331437CA68003881DA /* Noise - Noise2D */ = {isa = PBXFileReference; lastKnownFileType = text; path = "Noise - Noise2D"; sourceTree = "<group>"; };
		ED6605341437CA68003881DA /* Noise - Noise3D */ = {isa = PBXFileReference; lastKnownFileType = text; path = "Noise - Noise3D"; sourceTree = "<group>"; };
		ED6605351437CA68003881DA /* Noise - NoiseWave */ = {isa = PBXFileReference; lastKnownFileType = text; path = "Noise - NoiseWave"; sourceTree = "<group>"; };
		ED6605361437CA68003881DA /* Numbers - NumberObject */ = {isa = PBXFileReference; lastKnownFileType = text; path = "Numbers - NumberObject"; sourceTree = "<group>"; };
		ED6605371437CA68003881DA /* Objects - KeyPressListener */ = {isa = PBXFileReference; lastKnownFileType = text; path = "Objects - KeyPressListener"; sourceTree = "<group>"; };
		ED6605381437CA68003881DA /* Objects - ManyBasicObjects */ = {isa = PBXFileReference; lastKnownFileType = text; path = "Objects - ManyBasicObjects"; sourceTree = "<group>"; };
		ED6605391437CA68003881DA /* Objects - ManyBasicObjectsAnimated */ = {isa = PBXFileReference; lastKnownFileType = text; path = "Objects - ManyBasicObjectsAnimated"; sourceTree = "<group>"; };
		ED66053A1437CA68003881DA /* Objects - MouseTracker */ = {isa = PBXFileReference; lastKnownFileType = text; path = "Objects - MouseTracker"; sourceTree = "<group>"; };
		ED66053B1437CA68003881DA /* Objects - ObjectUpdate */ = {isa = PBXFileReference; lastKnownFileType = text; path = "Objects - ObjectUpdate"; sourceTree = "<group>"; };
		ED66053C1437CA68003881DA /* OpenGL - SimpleGL */ = {isa = PBXFileReference; lastKnownFileType = text; path = "OpenGL - SimpleGL"; sourceTree = "<group>"; };
		ED66053E1437CA68003881DA /* Shapes - DrawingAnAlien */ = {isa = PBXFileReference; lastKnownFileType = text; path = "Shapes - DrawingAnAlien"; sourceTree = "<group>"; };
		ED66053F1437CA68003881DA /* Shapes - PieChart */ = {isa = PBXFileReference; lastKnownFileType = text; path = "Shapes - PieChart"; sourceTree = "<group>"; };
		ED6605401437CA68003881DA /* Shapes - PointsAndLines */ = {isa = PBXFileReference; lastKnownFileType = text; path = "Shapes - PointsAndLines"; sourceTree = "<group>"; };
		ED6605411437CA68003881DA /* Shapes - ShapeModes */ = {isa = PBXFileReference; lastKnownFileType = text; path = "Shapes - ShapeModes"; sourceTree = "<group>"; };
		ED6605421437CA68003881DA /* Shapes - ShapePrimitives */ = {isa = PBXFileReference; lastKnownFileType = text; path = "Shapes - ShapePrimitives"; sourceTree = "<group>"; };
		ED6605431437CA68003881DA /* Shapes - SimpleCurves */ = {isa = PBXFileReference; lastKnownFileType = text; path = "Shapes - SimpleCurves"; sourceTree = "<group>"; };
		ED6605441437CA68003881DA /* Shapes - SineCosineCurves */ = {isa = PBXFileReference; lastKnownFileType = text; path = "Shapes - SineCosineCurves"; sourceTree = "<group>"; };
		ED6605451437CA68003881DA /* Shapes - VertexShapes */ = {isa = PBXFileReference; lastKnownFileType = text; path = "Shapes - VertexShapes"; sourceTree = "<group>"; };
		ED6605461437CA68003881DA /* Sounds - AudioControl */ = {isa = PBXFileReference; lastKnownFileType = text; path = "Sounds - AudioControl"; sourceTree = "<group>"; };
		ED6605471437CA68003881DA /* Sounds - FadeInOut */ = {isa = PBXFileReference; lastKnownFileType = text; path = "Sounds - FadeInOut"; sourceTree = "<group>"; };
		ED6605481437CA68003881DA /* Sounds - PlayLoop */ = {isa = PBXFileReference; lastKnownFileType = text; path = "Sounds - PlayLoop"; sourceTree = "<group>"; };
		ED6605491437CA68003881DA /* Sounds - SystemSound */ = {isa = PBXFileReference; lastKnownFileType = text; path = "Sounds - SystemSound"; sourceTree = "<group>"; };
		ED66054A1437CA68003881DA /* Transforms - Arm */ = {isa = PBXFileReference; lastKnownFileType = text; path = "Transforms - Arm"; sourceTree = "<group>"; };
		ED66054B1437CA68003881DA /* Transforms - AutoRotate */ = {isa = PBXFileReference; lastKnownFileType = text; path = "Transforms - AutoRotate"; sourceTree = "<group>"; };
		ED66054C1437CA68003881DA /* Transforms - DynamicTransform */ = {isa = PBXFileReference; lastKnownFileType = text; path = "Transforms - DynamicTransform"; sourceTree = "<group>"; };
		ED66054D1437CA68003881DA /* Vectors - Orbs */ = {isa = PBXFileReference; lastKnownFileType = text; path = "Vectors - Orbs"; sourceTree = "<group>"; };
		ED66054E1437CA68003881DA /* Vectors - Swarm */ = {isa = PBXFileReference; lastKnownFileType = text; path = "Vectors - Swarm"; sourceTree = "<group>"; };
		ED66054F1437CA68003881DA /* Voice - Cacaphony */ = {isa = PBXFileReference; lastKnownFileType = text; path = "Voice - Cacaphony"; sourceTree = "<group>"; };
		ED6605501437CA68003881DA /* Voice - PausableVoice */ = {isa = PBXFileReference; lastKnownFileType = text; path = "Voice - PausableVoice"; sourceTree = "<group>"; };
		ED6605511437CA68003881DA /* Voice - QuietPrincess */ = {isa = PBXFileReference; lastKnownFileType = text; path = "Voice - QuietPrincess"; sourceTree = "<group>"; };
		ED6605521437CA68003881DA /* Voice - SimpleVoice */ = {isa = PBXFileReference; lastKnownFileType = text; path = "Voice - SimpleVoice"; sourceTree = "<group>"; };
		ED6605541437CA68003881DA /* en */ = {isa = PBXFileReference; lastKnownFileType = image.icns; name = en; path = en.lproj/C4Development.icns; sourceTree = "<group>"; };
		ED6605571437CA69003881DA /* en */ = {isa = PBXFileReference; lastKnownFileType = text.rtf; name = en; path = en.lproj/Credits.rtf; sourceTree = "<group>"; };
		ED66055A1437CA69003881DA /* en */ = {isa = PBXFileReference; lastKnownFileType = file.xib; name = en; path = en.lproj/MainMenu.xib; sourceTree = "<group>"; };
		ED68EA71144C828500B06803 /* Advanced - WolframCA */ = {isa = PBXFileReference; fileEncoding = 4; lastKnownFileType = text; path = "Advanced - WolframCA"; sourceTree = "<group>"; };
		EDA5BEA9143BA0160007782C /* KeyboardMouse - StoringMouseCoords */ = {isa = PBXFileReference; fileEncoding = 4; lastKnownFileType = text; path = "KeyboardMouse - StoringMouseCoords"; sourceTree = "<group>"; };
		EDBF18A1143B7ACE0004DAF5 /* C4.mov */ = {isa = PBXFileReference; lastKnownFileType = video.quicktime; name = C4.mov; path = "en.lproj/C4 Media/C4.mov"; sourceTree = "<group>"; };
		EDBF18A2143B7ACE0004DAF5 /* C4.qtz */ = {isa = PBXFileReference; lastKnownFileType = "video.quartz-composer"; name = C4.qtz; path = "en.lproj/C4 Media/C4.qtz"; sourceTree = "<group>"; };
		EDBF18A3143B7ACE0004DAF5 /* C4Black.png */ = {isa = PBXFileReference; lastKnownFileType = image.png; name = C4Black.png; path = "en.lproj/C4 Media/C4Black.png"; sourceTree = "<group>"; };
		EDBF18A4143B7ACE0004DAF5 /* C4Blue.png */ = {isa = PBXFileReference; lastKnownFileType = image.png; name = C4Blue.png; path = "en.lproj/C4 Media/C4Blue.png"; sourceTree = "<group>"; };
		EDBF18A5143B7ACE0004DAF5 /* C4Orange.png */ = {isa = PBXFileReference; lastKnownFileType = image.png; name = C4Orange.png; path = "en.lproj/C4 Media/C4Orange.png"; sourceTree = "<group>"; };
		EDBF18A6143B7ACE0004DAF5 /* C4Red.png */ = {isa = PBXFileReference; lastKnownFileType = image.png; name = C4Red.png; path = "en.lproj/C4 Media/C4Red.png"; sourceTree = "<group>"; };
		EDBF18A7143B7ACE0004DAF5 /* C4Sky.png */ = {isa = PBXFileReference; lastKnownFileType = image.png; name = C4Sky.png; path = "en.lproj/C4 Media/C4Sky.png"; sourceTree = "<group>"; };
		EDBF18A8143B7ACE0004DAF5 /* C4Wood.png */ = {isa = PBXFileReference; lastKnownFileType = image.png; name = C4Wood.png; path = "en.lproj/C4 Media/C4Wood.png"; sourceTree = "<group>"; };
		EDBF18A9143B7ACE0004DAF5 /* loop.aif */ = {isa = PBXFileReference; lastKnownFileType = file; name = loop.aif; path = "en.lproj/C4 Media/loop.aif"; sourceTree = "<group>"; };
		EDBF18B3143B7AD90004DAF5 /* C4Canvas.h */ = {isa = PBXFileReference; fileEncoding = 4; lastKnownFileType = sourcecode.c.h; name = C4Canvas.h; path = "en.lproj/C4 Source/C4Canvas.h"; sourceTree = "<group>"; };
		EDBF18B4143B7AD90004DAF5 /* C4Canvas.m */ = {isa = PBXFileReference; fileEncoding = 4; lastKnownFileType = sourcecode.c.objc; name = C4Canvas.m; path = "en.lproj/C4 Source/C4Canvas.m"; sourceTree = "<group>"; };
		EDBF18B5143B7AD90004DAF5 /* C4Color.h */ = {isa = PBXFileReference; fileEncoding = 4; lastKnownFileType = sourcecode.c.h; name = C4Color.h; path = "en.lproj/C4 Source/C4Color.h"; sourceTree = "<group>"; };
		EDBF18B6143B7AD90004DAF5 /* C4Color.m */ = {isa = PBXFileReference; fileEncoding = 4; lastKnownFileType = sourcecode.c.objc; name = C4Color.m; path = "en.lproj/C4 Source/C4Color.m"; sourceTree = "<group>"; };
		EDBF18B7143B7AD90004DAF5 /* C4DateTime.h */ = {isa = PBXFileReference; fileEncoding = 4; lastKnownFileType = sourcecode.c.h; name = C4DateTime.h; path = "en.lproj/C4 Source/C4DateTime.h"; sourceTree = "<group>"; };
		EDBF18B8143B7AD90004DAF5 /* C4DateTime.m */ = {isa = PBXFileReference; fileEncoding = 4; lastKnownFileType = sourcecode.c.objc; name = C4DateTime.m; path = "en.lproj/C4 Source/C4DateTime.m"; sourceTree = "<group>"; };
		EDBF18B9143B7AD90004DAF5 /* C4Defines.h */ = {isa = PBXFileReference; fileEncoding = 4; lastKnownFileType = sourcecode.c.h; name = C4Defines.h; path = "en.lproj/C4 Source/C4Defines.h"; sourceTree = "<group>"; };
		EDBF18BA143B7AD90004DAF5 /* C4Font.h */ = {isa = PBXFileReference; fileEncoding = 4; lastKnownFileType = sourcecode.c.h; name = C4Font.h; path = "en.lproj/C4 Source/C4Font.h"; sourceTree = "<group>"; };
		EDBF18BB143B7AD90004DAF5 /* C4Font.m */ = {isa = PBXFileReference; fileEncoding = 4; lastKnownFileType = sourcecode.c.objc; name = C4Font.m; path = "en.lproj/C4 Source/C4Font.m"; sourceTree = "<group>"; };
		EDBF18BC143B7AD90004DAF5 /* C4Foundation.h */ = {isa = PBXFileReference; fileEncoding = 4; lastKnownFileType = sourcecode.c.h; name = C4Foundation.h; path = "en.lproj/C4 Source/C4Foundation.h"; sourceTree = "<group>"; };
		EDBF18BD143B7AD90004DAF5 /* C4Foundation.m */ = {isa = PBXFileReference; fileEncoding = 4; lastKnownFileType = sourcecode.c.objc; name = C4Foundation.m; path = "en.lproj/C4 Source/C4Foundation.m"; sourceTree = "<group>"; };
		EDBF18BE143B7AD90004DAF5 /* C4GlobalShapeAttributes.h */ = {isa = PBXFileReference; fileEncoding = 4; lastKnownFileType = sourcecode.c.h; name = C4GlobalShapeAttributes.h; path = "en.lproj/C4 Source/C4GlobalShapeAttributes.h"; sourceTree = "<group>"; };
		EDBF18BF143B7AD90004DAF5 /* C4GlobalShapeAttributes.m */ = {isa = PBXFileReference; fileEncoding = 4; lastKnownFileType = sourcecode.c.objc; name = C4GlobalShapeAttributes.m; path = "en.lproj/C4 Source/C4GlobalShapeAttributes.m"; sourceTree = "<group>"; };
		EDBF18C0143B7AD90004DAF5 /* C4GlobalStringAttributes.h */ = {isa = PBXFileReference; fileEncoding = 4; lastKnownFileType = sourcecode.c.h; name = C4GlobalStringAttributes.h; path = "en.lproj/C4 Source/C4GlobalStringAttributes.h"; sourceTree = "<group>"; };
		EDBF18C1143B7AD90004DAF5 /* C4GlobalStringAttributes.m */ = {isa = PBXFileReference; fileEncoding = 4; lastKnownFileType = sourcecode.c.objc; name = C4GlobalStringAttributes.m; path = "en.lproj/C4 Source/C4GlobalStringAttributes.m"; sourceTree = "<group>"; };
		EDBF18C2143B7AD90004DAF5 /* C4GlobalTypeAttributes.h */ = {isa = PBXFileReference; fileEncoding = 4; lastKnownFileType = sourcecode.c.h; name = C4GlobalTypeAttributes.h; path = "en.lproj/C4 Source/C4GlobalTypeAttributes.h"; sourceTree = "<group>"; };
		EDBF18C3143B7AD90004DAF5 /* C4GlobalTypeAttributes.m */ = {isa = PBXFileReference; fileEncoding = 4; lastKnownFileType = sourcecode.c.objc; name = C4GlobalTypeAttributes.m; path = "en.lproj/C4 Source/C4GlobalTypeAttributes.m"; sourceTree = "<group>"; };
		EDBF18C4143B7AD90004DAF5 /* C4Gradient.h */ = {isa = PBXFileReference; fileEncoding = 4; lastKnownFileType = sourcecode.c.h; name = C4Gradient.h; path = "en.lproj/C4 Source/C4Gradient.h"; sourceTree = "<group>"; };
		EDBF18C5143B7AD90004DAF5 /* C4Gradient.m */ = {isa = PBXFileReference; fileEncoding = 4; lastKnownFileType = sourcecode.c.objc; name = C4Gradient.m; path = "en.lproj/C4 Source/C4Gradient.m"; sourceTree = "<group>"; };
		EDBF18C6143B7AD90004DAF5 /* C4Image.h */ = {isa = PBXFileReference; fileEncoding = 4; lastKnownFileType = sourcecode.c.h; name = C4Image.h; path = "en.lproj/C4 Source/C4Image.h"; sourceTree = "<group>"; };
		EDBF18C7143B7AD90004DAF5 /* C4Image.m */ = {isa = PBXFileReference; fileEncoding = 4; lastKnownFileType = sourcecode.c.objc; name = C4Image.m; path = "en.lproj/C4 Source/C4Image.m"; sourceTree = "<group>"; };
		EDBF18C8143B7AD90004DAF5 /* C4Imports.h */ = {isa = PBXFileReference; fileEncoding = 4; lastKnownFileType = sourcecode.c.h; name = C4Imports.h; path = "en.lproj/C4 Source/C4Imports.h"; sourceTree = "<group>"; };
		EDBF18C9143B7AD90004DAF5 /* C4Math.h */ = {isa = PBXFileReference; fileEncoding = 4; lastKnownFileType = sourcecode.c.h; name = C4Math.h; path = "en.lproj/C4 Source/C4Math.h"; sourceTree = "<group>"; };
		EDBF18CA143B7AD90004DAF5 /* C4Math.m */ = {isa = PBXFileReference; fileEncoding = 4; lastKnownFileType = sourcecode.c.objc; name = C4Math.m; path = "en.lproj/C4 Source/C4Math.m"; sourceTree = "<group>"; };
		EDBF18CB143B7AD90004DAF5 /* C4Movie.h */ = {isa = PBXFileReference; fileEncoding = 4; lastKnownFileType = sourcecode.c.h; name = C4Movie.h; path = "en.lproj/C4 Source/C4Movie.h"; sourceTree = "<group>"; };
		EDBF18CC143B7AD90004DAF5 /* C4Movie.m */ = {isa = PBXFileReference; fileEncoding = 4; lastKnownFileType = sourcecode.c.objc; name = C4Movie.m; path = "en.lproj/C4 Source/C4Movie.m"; sourceTree = "<group>"; };
		EDBF18CD143B7AD90004DAF5 /* C4Noise.h */ = {isa = PBXFileReference; fileEncoding = 4; lastKnownFileType = sourcecode.c.h; name = C4Noise.h; path = "en.lproj/C4 Source/C4Noise.h"; sourceTree = "<group>"; };
		EDBF18CE143B7AD90004DAF5 /* C4Noise.m */ = {isa = PBXFileReference; fileEncoding = 4; lastKnownFileType = sourcecode.c.objc; name = C4Noise.m; path = "en.lproj/C4 Source/C4Noise.m"; sourceTree = "<group>"; };
		EDBF18CF143B7AD90004DAF5 /* C4Object.h */ = {isa = PBXFileReference; fileEncoding = 4; lastKnownFileType = sourcecode.c.h; name = C4Object.h; path = "en.lproj/C4 Source/C4Object.h"; sourceTree = "<group>"; };
		EDBF18D0143B7AD90004DAF5 /* C4Object.m */ = {isa = PBXFileReference; fileEncoding = 4; lastKnownFileType = sourcecode.c.objc; name = C4Object.m; path = "en.lproj/C4 Source/C4Object.m"; sourceTree = "<group>"; };
		EDBF18D1143B7AD90004DAF5 /* C4OpenGLView.h */ = {isa = PBXFileReference; fileEncoding = 4; lastKnownFileType = sourcecode.c.h; name = C4OpenGLView.h; path = "en.lproj/C4 Source/C4OpenGLView.h"; sourceTree = "<group>"; };
		EDBF18D2143B7AD90004DAF5 /* C4OpenGLView.m */ = {isa = PBXFileReference; fileEncoding = 4; lastKnownFileType = sourcecode.c.objc; name = C4OpenGLView.m; path = "en.lproj/C4 Source/C4OpenGLView.m"; sourceTree = "<group>"; };
		EDBF18D3143B7AD90004DAF5 /* C4Quartz.h */ = {isa = PBXFileReference; fileEncoding = 4; lastKnownFileType = sourcecode.c.h; name = C4Quartz.h; path = "en.lproj/C4 Source/C4Quartz.h"; sourceTree = "<group>"; };
		EDBF18D4143B7AD90004DAF5 /* C4Quartz.m */ = {isa = PBXFileReference; fileEncoding = 4; lastKnownFileType = sourcecode.c.objc; name = C4Quartz.m; path = "en.lproj/C4 Source/C4Quartz.m"; sourceTree = "<group>"; };
		EDBF18D5143B7AD90004DAF5 /* C4Shape.h */ = {isa = PBXFileReference; fileEncoding = 4; lastKnownFileType = sourcecode.c.h; name = C4Shape.h; path = "en.lproj/C4 Source/C4Shape.h"; sourceTree = "<group>"; };
		EDBF18D6143B7AD90004DAF5 /* C4Shape.m */ = {isa = PBXFileReference; fileEncoding = 4; lastKnownFileType = sourcecode.c.objc; name = C4Shape.m; path = "en.lproj/C4 Source/C4Shape.m"; sourceTree = "<group>"; };
		EDBF18D7143B7AD90004DAF5 /* C4Sound.h */ = {isa = PBXFileReference; fileEncoding = 4; lastKnownFileType = sourcecode.c.h; name = C4Sound.h; path = "en.lproj/C4 Source/C4Sound.h"; sourceTree = "<group>"; };
		EDBF18D8143B7AD90004DAF5 /* C4Sound.m */ = {isa = PBXFileReference; fileEncoding = 4; lastKnownFileType = sourcecode.c.objc; name = C4Sound.m; path = "en.lproj/C4 Source/C4Sound.m"; sourceTree = "<group>"; };
		EDBF18D9143B7AD90004DAF5 /* C4String.h */ = {isa = PBXFileReference; fileEncoding = 4; lastKnownFileType = sourcecode.c.h; name = C4String.h; path = "en.lproj/C4 Source/C4String.h"; sourceTree = "<group>"; };
		EDBF18DA143B7AD90004DAF5 /* C4String.m */ = {isa = PBXFileReference; fileEncoding = 4; lastKnownFileType = sourcecode.c.objc; name = C4String.m; path = "en.lproj/C4 Source/C4String.m"; sourceTree = "<group>"; };
		EDBF18DB143B7AD90004DAF5 /* C4Transform.h */ = {isa = PBXFileReference; fileEncoding = 4; lastKnownFileType = sourcecode.c.h; name = C4Transform.h; path = "en.lproj/C4 Source/C4Transform.h"; sourceTree = "<group>"; };
		EDBF18DC143B7AD90004DAF5 /* C4Transform.m */ = {isa = PBXFileReference; fileEncoding = 4; lastKnownFileType = sourcecode.c.objc; name = C4Transform.m; path = "en.lproj/C4 Source/C4Transform.m"; sourceTree = "<group>"; };
		EDBF18DD143B7AD90004DAF5 /* C4Vector.h */ = {isa = PBXFileReference; fileEncoding = 4; lastKnownFileType = sourcecode.c.h; name = C4Vector.h; path = "en.lproj/C4 Source/C4Vector.h"; sourceTree = "<group>"; };
		EDBF18DE143B7AD90004DAF5 /* C4Vector.m */ = {isa = PBXFileReference; fileEncoding = 4; lastKnownFileType = sourcecode.c.objc; name = C4Vector.m; path = "en.lproj/C4 Source/C4Vector.m"; sourceTree = "<group>"; };
		EDBF18DF143B7AD90004DAF5 /* C4Voice.h */ = {isa = PBXFileReference; fileEncoding = 4; lastKnownFileType = sourcecode.c.h; name = C4Voice.h; path = "en.lproj/C4 Source/C4Voice.h"; sourceTree = "<group>"; };
		EDBF18E0143B7AD90004DAF5 /* C4Voice.m */ = {isa = PBXFileReference; fileEncoding = 4; lastKnownFileType = sourcecode.c.objc; name = C4Voice.m; path = "en.lproj/C4 Source/C4Voice.m"; sourceTree = "<group>"; };
/* End PBXFileReference section */

/* Begin PBXFrameworksBuildPhase section */
		ED6604431437CA67003881DA /* Frameworks */ = {
			isa = PBXFrameworksBuildPhase;
			buildActionMask = 2147483647;
			files = (
				ED66044B1437CA67003881DA /* Accelerate.framework in Frameworks */,
				ED66044D1437CA67003881DA /* AppKit.framework in Frameworks */,
				ED66044F1437CA67003881DA /* Cocoa.framework in Frameworks */,
				ED6604511437CA67003881DA /* CoreData.framework in Frameworks */,
				ED6604531437CA67003881DA /* Foundation.framework in Frameworks */,
				ED6604551437CA67003881DA /* OpenGL.framework in Frameworks */,
				ED6604571437CA67003881DA /* QTKit.framework in Frameworks */,
				ED6604591437CA67003881DA /* Quicktime.framework in Frameworks */,
				ED66045B1437CA67003881DA /* Quartz.framework in Frameworks */,
				ED66045D1437CA67003881DA /* QuartzCore.framework in Frameworks */,
				ED66045F1437CA67003881DA /* vecLib.framework in Frameworks */,
			);
			runOnlyForDeploymentPostprocessing = 0;
		};
/* End PBXFrameworksBuildPhase section */

/* Begin PBXGroup section */
		ED66043B1437CA67003881DA = {
			isa = PBXGroup;
			children = (
				ED6604601437CA67003881DA /* C4Development */,
				ED6604491437CA67003881DA /* Frameworks */,
				ED6604471437CA67003881DA /* Products */,
			);
			sourceTree = "<group>";
		};
		ED6604471437CA67003881DA /* Products */ = {
			isa = PBXGroup;
			children = (
				ED6604461437CA67003881DA /* C4Development.app */,
			);
			name = Products;
			sourceTree = "<group>";
		};
		ED6604491437CA67003881DA /* Frameworks */ = {
			isa = PBXGroup;
			children = (
				ED66044A1437CA67003881DA /* Accelerate.framework */,
				ED66044C1437CA67003881DA /* AppKit.framework */,
				ED66044E1437CA67003881DA /* Cocoa.framework */,
				ED6604501437CA67003881DA /* CoreData.framework */,
				ED6604521437CA67003881DA /* Foundation.framework */,
				ED6604541437CA67003881DA /* OpenGL.framework */,
				ED6604561437CA67003881DA /* QTKit.framework */,
				ED6604581437CA67003881DA /* Quicktime.framework */,
				ED66045A1437CA67003881DA /* Quartz.framework */,
				ED66045C1437CA67003881DA /* QuartzCore.framework */,
				ED66045E1437CA67003881DA /* vecLib.framework */,
			);
			name = Frameworks;
			sourceTree = "<group>";
		};
		ED6604601437CA67003881DA /* C4Development */ = {
			isa = PBXGroup;
			children = (
				EDBF18B4143B7AD90004DAF5 /* C4Canvas.m */,
				ED6604661437CA67003881DA /* C4 Framework */,
				ED66046D1437CA67003881DA /* C4 Source */,
				ED6604B31437CA68003881DA /* C4 Media */,
				ED6604C51437CA68003881DA /* C4 Examples */,
				ED6604611437CA67003881DA /* Supporting Files */,
			);
			path = C4Development;
			sourceTree = "<group>";
		};
		ED6604611437CA67003881DA /* Supporting Files */ = {
			isa = PBXGroup;
			children = (
				ED6604621437CA67003881DA /* C4Development-Info.plist */,
				ED6604631437CA67003881DA /* InfoPlist.strings */,
				ED6605531437CA68003881DA /* C4Development.icns */,
				ED6605561437CA68003881DA /* Credits.rtf */,
				ED6605591437CA69003881DA /* MainMenu.xib */,
			);
			name = "Supporting Files";
			sourceTree = "<group>";
		};
		ED6604661437CA67003881DA /* C4 Framework */ = {
			isa = PBXGroup;
			children = (
				ED6604671437CA67003881DA /* C4Development-Prefix.pch */,
				ED6604681437CA67003881DA /* main.m */,
				ED66046A1437CA67003881DA /* C4DevelopmentAppDelegate.h */,
				ED66046B1437CA67003881DA /* C4DevelopmentAppDelegate.m */,
				EDBF18B9143B7AD90004DAF5 /* C4Defines.h */,
				EDBF18C8143B7AD90004DAF5 /* C4Imports.h */,
			);
			name = "C4 Framework";
			sourceTree = "<group>";
		};
		ED66046D1437CA67003881DA /* C4 Source */ = {
			isa = PBXGroup;
			children = (
				EDBF18B3143B7AD90004DAF5 /* C4Canvas.h */,
				EDBF18B5143B7AD90004DAF5 /* C4Color.h */,
				EDBF18B6143B7AD90004DAF5 /* C4Color.m */,
				EDBF18B7143B7AD90004DAF5 /* C4DateTime.h */,
				EDBF18B8143B7AD90004DAF5 /* C4DateTime.m */,
				EDBF18BA143B7AD90004DAF5 /* C4Font.h */,
				EDBF18BB143B7AD90004DAF5 /* C4Font.m */,
				EDBF18BC143B7AD90004DAF5 /* C4Foundation.h */,
				EDBF18BD143B7AD90004DAF5 /* C4Foundation.m */,
				EDBF18BE143B7AD90004DAF5 /* C4GlobalShapeAttributes.h */,
				EDBF18BF143B7AD90004DAF5 /* C4GlobalShapeAttributes.m */,
				EDBF18C0143B7AD90004DAF5 /* C4GlobalStringAttributes.h */,
				EDBF18C1143B7AD90004DAF5 /* C4GlobalStringAttributes.m */,
				EDBF18C2143B7AD90004DAF5 /* C4GlobalTypeAttributes.h */,
				EDBF18C3143B7AD90004DAF5 /* C4GlobalTypeAttributes.m */,
				EDBF18C4143B7AD90004DAF5 /* C4Gradient.h */,
				EDBF18C5143B7AD90004DAF5 /* C4Gradient.m */,
				EDBF18C6143B7AD90004DAF5 /* C4Image.h */,
				EDBF18C7143B7AD90004DAF5 /* C4Image.m */,
				EDBF18C9143B7AD90004DAF5 /* C4Math.h */,
				EDBF18CA143B7AD90004DAF5 /* C4Math.m */,
				EDBF18CB143B7AD90004DAF5 /* C4Movie.h */,
				EDBF18CC143B7AD90004DAF5 /* C4Movie.m */,
				EDBF18CD143B7AD90004DAF5 /* C4Noise.h */,
				EDBF18CE143B7AD90004DAF5 /* C4Noise.m */,
				EDBF18CF143B7AD90004DAF5 /* C4Object.h */,
				EDBF18D0143B7AD90004DAF5 /* C4Object.m */,
				EDBF18D1143B7AD90004DAF5 /* C4OpenGLView.h */,
				EDBF18D2143B7AD90004DAF5 /* C4OpenGLView.m */,
				EDBF18D3143B7AD90004DAF5 /* C4Quartz.h */,
				EDBF18D4143B7AD90004DAF5 /* C4Quartz.m */,
				EDBF18D5143B7AD90004DAF5 /* C4Shape.h */,
				EDBF18D6143B7AD90004DAF5 /* C4Shape.m */,
				EDBF18D7143B7AD90004DAF5 /* C4Sound.h */,
				EDBF18D8143B7AD90004DAF5 /* C4Sound.m */,
				EDBF18D9143B7AD90004DAF5 /* C4String.h */,
				EDBF18DA143B7AD90004DAF5 /* C4String.m */,
				EDBF18DB143B7AD90004DAF5 /* C4Transform.h */,
				EDBF18DC143B7AD90004DAF5 /* C4Transform.m */,
				EDBF18DD143B7AD90004DAF5 /* C4Vector.h */,
				EDBF18DE143B7AD90004DAF5 /* C4Vector.m */,
				EDBF18DF143B7AD90004DAF5 /* C4Voice.h */,
				EDBF18E0143B7AD90004DAF5 /* C4Voice.m */,
			);
			name = "C4 Source";
			sourceTree = "<group>";
		};
		ED6604B31437CA68003881DA /* C4 Media */ = {
			isa = PBXGroup;
			children = (
				EDBF18A1143B7ACE0004DAF5 /* C4.mov */,
				EDBF18A2143B7ACE0004DAF5 /* C4.qtz */,
				EDBF18A3143B7ACE0004DAF5 /* C4Black.png */,
				EDBF18A4143B7ACE0004DAF5 /* C4Blue.png */,
				EDBF18A5143B7ACE0004DAF5 /* C4Orange.png */,
				EDBF18A6143B7ACE0004DAF5 /* C4Red.png */,
				EDBF18A7143B7ACE0004DAF5 /* C4Sky.png */,
				EDBF18A8143B7ACE0004DAF5 /* C4Wood.png */,
				EDBF18A9143B7ACE0004DAF5 /* loop.aif */,
			);
			name = "C4 Media";
			sourceTree = "<group>";
		};
		ED6604C51437CA68003881DA /* C4 Examples */ = {
			isa = PBXGroup;
			children = (
				ED6604C61437CA68003881DA /* Advanced - EveryLetterEveryFont */,
				ED6604C71437CA68003881DA /* Advanced - Kandinskyish */,
				ED6604C81437CA68003881DA /* Advanced - Oscillator */,
				ED6604C91437CA68003881DA /* Advanced - SketchPad */,
				ED6604CA1437CA68003881DA /* Advanced - StoringInputAdvanced */,
				ED68EA71144C828500B06803 /* Advanced - WolframCA */,
				ED6604CB1437CA68003881DA /* Arrays - Array1D */,
				ED6604CC1437CA68003881DA /* Arrays - Array2D */,
				ED6604CD1437CA68003881DA /* Arrays - MoreOnCArrays */,
				ED6604CE1437CA68003881DA /* Arrays - MutableArrays */,
				ED6604CF1437CA68003881DA /* Arrays - ObjectArray1D */,
				ED6604D01437CA68003881DA /* Arrays - ObjectArray2D */,
				ED6604D21437CA68003881DA /* Basics - Animated */,
				ED6604D31437CA68003881DA /* Basics - Coordinates */,
				ED6604D41437CA68003881DA /* Basics - CustomMethods */,
				ED6604D51437CA68003881DA /* Basics - DisplayRate */,
				ED6604D61437CA68003881DA /* Basics - EventBased */,
				ED6604D71437CA68003881DA /* Basics - Framerate */,
				ED6604D81437CA68003881DA /* Basics - LogMessages */,
				ED6604D91437CA68003881DA /* Basics - RecursiveCircle */,
				ED6604DA1437CA68003881DA /* Basics - RecursiveCircleRandom */,
				ED6604DB1437CA68003881DA /* Basics - Redraw */,
				ED6604DC1437CA68003881DA /* Basics - SingleFrame */,
				ED6604DD1437CA68003881DA /* Basics - SwitchingDrawStyles */,
				ED6604DE1437CA68003881DA /* Basics - WidthAndHeight */,
				ED6604DF1437CA68003881DA /* C4 - C4Animated1 */,
				ED6604E01437CA68003881DA /* C4 - C4Animated2 */,
				ED6604E11437CA68003881DA /* C4 - C4FadingImages */,
				ED6604E21437CA68003881DA /* C4 - C4ForLoops */,
				ED6604E31437CA68003881DA /* C4 - C4GL */,
				ED6604E41437CA68003881DA /* C4 - C4GradientShapes */,
				ED6604E51437CA68003881DA /* C4 - C4LoopingImages */,
				ED6604E61437CA68003881DA /* C4 - C4Methods */,
				ED6604E71437CA68003881DA /* C4 - C4Particles */,
				ED6604E81437CA68003881DA /* C4 - C4Points */,
				ED6604E91437CA68003881DA /* C4 - C4Quartz */,
				ED6604EA1437CA68003881DA /* C4 - C4RandomLines */,
				ED6604EB1437CA68003881DA /* C4 - C4Shapes */,
				ED6604EC1437CA68003881DA /* C4 - C4Wireframe */,
				ED6604ED1437CA68003881DA /* Color - ColorAndTransparency */,
				ED6604EE1437CA68003881DA /* Color - ColorRelativity */,
				ED6604EF1437CA68003881DA /* Color - ColorWheel */,
				ED6604F01437CA68003881DA /* Color - Gradients */,
				ED6604F11437CA68003881DA /* Color - GradientsAnimated */,
				ED6604F21437CA68003881DA /* Control - Conditionals1 */,
				ED6604F31437CA68003881DA /* Control - Conditionals2 */,
				ED6604F41437CA68003881DA /* Control - EmbeddedIteration */,
				ED6604F51437CA68003881DA /* Control - IterationForLoops */,
				ED6604F61437CA68003881DA /* Control - LogicalOperators */,
				ED6604F71437CA68003881DA /* Data - DatatypeConversion */,
				ED6604F81437CA68003881DA /* Data - IntegersAndFloats */,
				ED6604F91437CA68003881DA /* Data - TrueFalse */,
				ED6604FA1437CA68003881DA /* Data - VariableMath */,
				ED6604FB1437CA68003881DA /* Data - VariableScope */,
				ED6604FC1437CA68003881DA /* Data - VariablesWithAnimatedEllipses */,
				ED6604FD1437CA68003881DA /* DateTime - Clock */,
				ED6604FE1437CA68003881DA /* DateTime - CurrentDateTime */,
				ED6604FF1437CA68003881DA /* DateTime - MillisPatterns */,
				ED6605001437CA68003881DA /* Fonts - BasicFont */,
				ED6605011437CA68003881DA /* Fonts - RandomFont */,
				ED6605021437CA68003881DA /* Fonts - YourFonts */,
				ED6605031437CA68003881DA /* Image - BackgroundImage */,
				ED6605041437CA68003881DA /* Image - CombinedFilters */,
				ED6605051437CA68003881DA /* Image - CreateDraw */,
				ED6605061437CA68003881DA /* Image - DynamicImageMatrix */,
				ED6605071437CA68003881DA /* Image - FilterWithOriginal */,
				ED6605081437CA68003881DA /* Image - ImageIterativeStretch */,
				ED6605091437CA68003881DA /* Image - ImageTransparency */,
				ED66050A1437CA68003881DA /* Image - MultiImage */,
				ED66050B1437CA68003881DA /* Image - Pixelism */,
				ED66050C1437CA68003881DA /* Image - Pointilism */,
				ED66050D1437CA68003881DA /* Image - SingleFilter */,
				ED66050E1437CA68003881DA /* KeyboardMouse - AbstractKeyboard1 */,
				ED66050F1437CA68003881DA /* KeyboardMouse - AbstractKeyboard2 */,
				ED6605101437CA68003881DA /* KeyboardMouse - ConstantType */,
				ED6605111437CA68003881DA /* KeyboardMouse - ConstrainedCircle */,
				ED6605121437CA68003881DA /* KeyboardMouse - EasingCircle */,
				ED6605131437CA68003881DA /* KeyboardMouse - Mouse1D */,
				ED6605141437CA68003881DA /* KeyboardMouse - Mouse2D */,
				ED6605151437CA68003881DA /* KeyboardMouse - MouseMethods */,
				ED6605161437CA68003881DA /* KeyboardMouse - MouseSignals */,
				EDA5BEA9143BA0160007782C /* KeyboardMouse - StoringMouseCoords */,
				ED6605221437CA68003881DA /* Math - Distance1D */,
				ED6605231437CA68003881DA /* Math - DoubleRandom */,
				ED6605241437CA68003881DA /* Math - IncrementDecrement */,
				ED6605251437CA68003881DA /* Math - MixedSineWave */,
				ED6605261437CA68003881DA /* Math - ModulusFloat */,
				ED6605271437CA68003881DA /* Math - OperatorPrecedence */,
				ED6605281437CA68003881DA /* Math - PolarCoordinates */,
				ED6605291437CA68003881DA /* Math - RandomLines */,
				ED66052A1437CA68003881DA /* Math - RandomMultiplication */,
				ED66052B1437CA68003881DA /* Math - SinCosTan */,
				ED66052C1437CA68003881DA /* Movies - DoubleMovie */,
				ED66052D1437CA68003881DA /* Movies - MoveAbove */,
				ED66052E1437CA68003881DA /* Movies - MovieMatrix */,
				ED66052F1437CA68003881DA /* Movies - MovingMovie */,
				ED6605301437CA68003881DA /* Movies - SimpleMovie */,
				ED6605311437CA68003881DA /* Movies - StretchingMovie */,
				ED6605321437CA68003881DA /* Noise - Noise1D */,
				ED6605331437CA68003881DA /* Noise - Noise2D */,
				ED6605341437CA68003881DA /* Noise - Noise3D */,
				ED6605351437CA68003881DA /* Noise - NoiseWave */,
				ED6605361437CA68003881DA /* Numbers - NumberObject */,
				ED6605371437CA68003881DA /* Objects - KeyPressListener */,
				ED6605381437CA68003881DA /* Objects - ManyBasicObjects */,
				ED6605391437CA68003881DA /* Objects - ManyBasicObjectsAnimated */,
				ED66053A1437CA68003881DA /* Objects - MouseTracker */,
				ED66053B1437CA68003881DA /* Objects - ObjectUpdate */,
				ED66053C1437CA68003881DA /* OpenGL - SimpleGL */,
				ED66053E1437CA68003881DA /* Shapes - DrawingAnAlien */,
				ED66053F1437CA68003881DA /* Shapes - PieChart */,
				ED6605401437CA68003881DA /* Shapes - PointsAndLines */,
				ED6605411437CA68003881DA /* Shapes - ShapeModes */,
				ED6605421437CA68003881DA /* Shapes - ShapePrimitives */,
				ED6605431437CA68003881DA /* Shapes - SimpleCurves */,
				ED6605441437CA68003881DA /* Shapes - SineCosineCurves */,
				ED6605451437CA68003881DA /* Shapes - VertexShapes */,
				ED6605461437CA68003881DA /* Sounds - AudioControl */,
				ED6605471437CA68003881DA /* Sounds - FadeInOut */,
				ED6605481437CA68003881DA /* Sounds - PlayLoop */,
				ED6605491437CA68003881DA /* Sounds - SystemSound */,
				ED66054A1437CA68003881DA /* Transforms - Arm */,
				ED66054B1437CA68003881DA /* Transforms - AutoRotate */,
				ED66054C1437CA68003881DA /* Transforms - DynamicTransform */,
				ED66054D1437CA68003881DA /* Vectors - Orbs */,
				ED66054E1437CA68003881DA /* Vectors - Swarm */,
				ED66054F1437CA68003881DA /* Voice - Cacaphony */,
				ED6605501437CA68003881DA /* Voice - PausableVoice */,
				ED6605511437CA68003881DA /* Voice - QuietPrincess */,
				ED6605521437CA68003881DA /* Voice - SimpleVoice */,
			);
			name = "C4 Examples";
			sourceTree = "<group>";
		};
/* End PBXGroup section */

/* Begin PBXNativeTarget section */
		ED6604451437CA67003881DA /* C4Development */ = {
			isa = PBXNativeTarget;
			buildConfigurationList = ED66055E1437CA69003881DA /* Build configuration list for PBXNativeTarget "C4Development" */;
			buildPhases = (
				ED6604421437CA67003881DA /* Sources */,
				ED6604431437CA67003881DA /* Frameworks */,
				ED6604441437CA67003881DA /* Resources */,
			);
			buildRules = (
			);
			dependencies = (
			);
			name = C4Development;
			productName = C4Development;
			productReference = ED6604461437CA67003881DA /* C4Development.app */;
			productType = "com.apple.product-type.application";
		};
/* End PBXNativeTarget section */

/* Begin PBXProject section */
		ED66043D1437CA67003881DA /* Project object */ = {
			isa = PBXProject;
			attributes = {
				LastUpgradeCheck = 0420;
				ORGANIZATIONNAME = mediart;
			};
			buildConfigurationList = ED6604401437CA67003881DA /* Build configuration list for PBXProject "C4Development" */;
			compatibilityVersion = "Xcode 3.2";
			developmentRegion = English;
			hasScannedForEncodings = 0;
			knownRegions = (
				en,
			);
			mainGroup = ED66043B1437CA67003881DA;
			productRefGroup = ED6604471437CA67003881DA /* Products */;
			projectDirPath = "";
			projectRoot = "";
			targets = (
				ED6604451437CA67003881DA /* C4Development */,
			);
		};
/* End PBXProject section */

/* Begin PBXResourcesBuildPhase section */
		ED6604441437CA67003881DA /* Resources */ = {
			isa = PBXResourcesBuildPhase;
			buildActionMask = 2147483647;
			files = (
				ED6604651437CA67003881DA /* InfoPlist.strings in Resources */,
				ED6605551437CA68003881DA /* C4Development.icns in Resources */,
				ED6605581437CA69003881DA /* Credits.rtf in Resources */,
				ED66055B1437CA69003881DA /* MainMenu.xib in Resources */,
				EDBF18AA143B7ACE0004DAF5 /* C4.mov in Resources */,
				EDBF18AB143B7ACE0004DAF5 /* C4.qtz in Resources */,
				EDBF18AC143B7ACE0004DAF5 /* C4Black.png in Resources */,
				EDBF18AD143B7ACE0004DAF5 /* C4Blue.png in Resources */,
				EDBF18AE143B7ACE0004DAF5 /* C4Orange.png in Resources */,
				EDBF18AF143B7ACE0004DAF5 /* C4Red.png in Resources */,
				EDBF18B0143B7ACE0004DAF5 /* C4Sky.png in Resources */,
				EDBF18B1143B7ACE0004DAF5 /* C4Wood.png in Resources */,
				EDBF18B2143B7ACE0004DAF5 /* loop.aif in Resources */,
				EDA5BEAA143BA0260007782C /* KeyboardMouse - StoringMouseCoords in Resources */,
				ED68EA72144C828500B06803 /* Advanced - WolframCA in Resources */,
			);
			runOnlyForDeploymentPostprocessing = 0;
		};
/* End PBXResourcesBuildPhase section */

/* Begin PBXSourcesBuildPhase section */
		ED6604421437CA67003881DA /* Sources */ = {
			isa = PBXSourcesBuildPhase;
			buildActionMask = 2147483647;
			files = (
				ED6604691437CA67003881DA /* main.m in Sources */,
				ED66046C1437CA67003881DA /* C4DevelopmentAppDelegate.m in Sources */,
				EDBF18E1143B7AD90004DAF5 /* C4Canvas.m in Sources */,
				EDBF18E2143B7AD90004DAF5 /* C4Color.m in Sources */,
				EDBF18E3143B7AD90004DAF5 /* C4DateTime.m in Sources */,
				EDBF18E4143B7AD90004DAF5 /* C4Font.m in Sources */,
				EDBF18E5143B7AD90004DAF5 /* C4Foundation.m in Sources */,
				EDBF18E6143B7AD90004DAF5 /* C4GlobalShapeAttributes.m in Sources */,
				EDBF18E7143B7AD90004DAF5 /* C4GlobalStringAttributes.m in Sources */,
				EDBF18E8143B7AD90004DAF5 /* C4GlobalTypeAttributes.m in Sources */,
				EDBF18E9143B7AD90004DAF5 /* C4Gradient.m in Sources */,
				EDBF18EA143B7AD90004DAF5 /* C4Image.m in Sources */,
				EDBF18EB143B7AD90004DAF5 /* C4Math.m in Sources */,
				EDBF18EC143B7AD90004DAF5 /* C4Movie.m in Sources */,
				EDBF18ED143B7AD90004DAF5 /* C4Noise.m in Sources */,
				EDBF18EE143B7AD90004DAF5 /* C4Object.m in Sources */,
				EDBF18EF143B7AD90004DAF5 /* C4OpenGLView.m in Sources */,
				EDBF18F0143B7AD90004DAF5 /* C4Quartz.m in Sources */,
				EDBF18F1143B7AD90004DAF5 /* C4Shape.m in Sources */,
				EDBF18F2143B7AD90004DAF5 /* C4Sound.m in Sources */,
				EDBF18F3143B7AD90004DAF5 /* C4String.m in Sources */,
				EDBF18F4143B7AD90004DAF5 /* C4Transform.m in Sources */,
				EDBF18F5143B7AD90004DAF5 /* C4Vector.m in Sources */,
				EDBF18F6143B7AD90004DAF5 /* C4Voice.m in Sources */,
			);
			runOnlyForDeploymentPostprocessing = 0;
		};
/* End PBXSourcesBuildPhase section */

/* Begin PBXVariantGroup section */
		ED6604631437CA67003881DA /* InfoPlist.strings */ = {
			isa = PBXVariantGroup;
			children = (
				ED6604641437CA67003881DA /* en */,
			);
			name = InfoPlist.strings;
			sourceTree = "<group>";
		};
		ED6605531437CA68003881DA /* C4Development.icns */ = {
			isa = PBXVariantGroup;
			children = (
				ED6605541437CA68003881DA /* en */,
			);
			name = C4Development.icns;
			sourceTree = "<group>";
		};
		ED6605561437CA68003881DA /* Credits.rtf */ = {
			isa = PBXVariantGroup;
			children = (
				ED6605571437CA69003881DA /* en */,
			);
			name = Credits.rtf;
			sourceTree = "<group>";
		};
		ED6605591437CA69003881DA /* MainMenu.xib */ = {
			isa = PBXVariantGroup;
			children = (
				ED66055A1437CA69003881DA /* en */,
			);
			name = MainMenu.xib;
			sourceTree = "<group>";
		};
/* End PBXVariantGroup section */

/* Begin XCBuildConfiguration section */
		ED66055C1437CA69003881DA /* Debug */ = {
			isa = XCBuildConfiguration;
			buildSettings = {
				ARCHS = "$(ARCHS_STANDARD_32_BIT)";
				GCC_C_LANGUAGE_STANDARD = gnu99;
				GCC_OPTIMIZATION_LEVEL = 0;
				GCC_PREPROCESSOR_DEFINITIONS = DEBUG;
				GCC_SYMBOLS_PRIVATE_EXTERN = NO;
				GCC_VERSION = com.apple.compilers.llvm.clang.1_0;
				GCC_WARN_64_TO_32_BIT_CONVERSION = YES;
				GCC_WARN_ABOUT_RETURN_TYPE = YES;
				GCC_WARN_UNUSED_VARIABLE = YES;
				MACOSX_DEPLOYMENT_TARGET = 10.7;
				ONLY_ACTIVE_ARCH = NO;
				SDKROOT = macosx;
			};
			name = Debug;
		};
		ED66055D1437CA69003881DA /* Release */ = {
			isa = XCBuildConfiguration;
			buildSettings = {
				ARCHS = "$(ARCHS_STANDARD_32_BIT)";
				GCC_C_LANGUAGE_STANDARD = gnu99;
				GCC_VERSION = com.apple.compilers.llvm.clang.1_0;
				GCC_WARN_64_TO_32_BIT_CONVERSION = YES;
				GCC_WARN_ABOUT_RETURN_TYPE = YES;
				GCC_WARN_UNUSED_VARIABLE = YES;
				MACOSX_DEPLOYMENT_TARGET = 10.7;
				SDKROOT = macosx;
			};
			name = Release;
		};
		ED66055F1437CA69003881DA /* Debug */ = {
			isa = XCBuildConfiguration;
			buildSettings = {
				ALWAYS_SEARCH_USER_PATHS = NO;
				COPY_PHASE_STRIP = NO;
				GCC_DYNAMIC_NO_PIC = NO;
				GCC_ENABLE_OBJC_EXCEPTIONS = YES;
				GCC_PRECOMPILE_PREFIX_HEADER = YES;
				GCC_PREFIX_HEADER = "C4Development/C4Development-Prefix.pch";
				INFOPLIST_FILE = "C4Development/C4Development-Info.plist";
				PRODUCT_NAME = "$(TARGET_NAME)";
				WRAPPER_EXTENSION = app;
			};
			name = Debug;
		};
		ED6605601437CA69003881DA /* Release */ = {
			isa = XCBuildConfiguration;
			buildSettings = {
				ALWAYS_SEARCH_USER_PATHS = NO;
				COPY_PHASE_STRIP = YES;
				DEBUG_INFORMATION_FORMAT = "dwarf-with-dsym";
				GCC_ENABLE_OBJC_EXCEPTIONS = YES;
				GCC_PRECOMPILE_PREFIX_HEADER = YES;
				GCC_PREFIX_HEADER = "C4Development/C4Development-Prefix.pch";
				INFOPLIST_FILE = "C4Development/C4Development-Info.plist";
				PRODUCT_NAME = "$(TARGET_NAME)";
				WRAPPER_EXTENSION = app;
			};
			name = Release;
		};
/* End XCBuildConfiguration section */

/* Begin XCConfigurationList section */
		ED6604401437CA67003881DA /* Build configuration list for PBXProject "C4Development" */ = {
			isa = XCConfigurationList;
			buildConfigurations = (
				ED66055C1437CA69003881DA /* Debug */,
				ED66055D1437CA69003881DA /* Release */,
			);
			defaultConfigurationIsVisible = 0;
			defaultConfigurationName = Release;
		};
		ED66055E1437CA69003881DA /* Build configuration list for PBXNativeTarget "C4Development" */ = {
			isa = XCConfigurationList;
			buildConfigurations = (
				ED66055F1437CA69003881DA /* Debug */,
				ED6605601437CA69003881DA /* Release */,
			);
			defaultConfigurationIsVisible = 0;
			defaultConfigurationName = Release;
		};
/* End XCConfigurationList section */
	};
	rootObject = ED66043D1437CA67003881DA /* Project object */;
}
